
Microsoft Visual Studio Solution File, Format Version 12.00
# Visual Studio 15
VisualStudioVersion = 15.0.26124.0
MinimumVisualStudioVersion = 15.0.26124.0
Project("{2150E333-8FDC-42A3-9474-1A3956D46DE8}") = ".paket", ".paket", "{13D1F68A-E683-45AA-8ED8-A20AD99A7177}"
	ProjectSection(SolutionItems) = preProject
		paket.dependencies = paket.dependencies
	EndProjectSection
EndProject
Project("{2150E333-8FDC-42A3-9474-1A3956D46DE8}") = "src", "src", "{DF4B61E5-AD90-4AF1-8506-D5BD03F3BCE6}"
EndProject
Project("{6EC3EE1D-3C4E-46DD-8F32-0CC8E7565705}") = "SentimentFS.NaiveBayes", "src\SentimentFS.NaiveBayes\SentimentFS.NaiveBayes.fsproj", "{4F5EA124-C1C2-4B69-8BFF-2B7A9F53B0C2}"
EndProject
Project("{2150E333-8FDC-42A3-9474-1A3956D46DE8}") = "tests", "tests", "{DE1578D3-A826-42A6-8C10-8815ECC57E47}"
EndProject
Project("{6EC3EE1D-3C4E-46DD-8F32-0CC8E7565705}") = "SentimentFS.NaiveBayes.Tests", "tests\SentimentFS.NaiveBayes.Tests\SentimentFS.NaiveBayes.Tests.fsproj", "{CA1C1558-D261-48BC-AF9C-20EB90DDD1B4}"
EndProject
Global
	GlobalSection(SolutionConfigurationPlatforms) = preSolution
		Debug|Any CPU = Debug|Any CPU
		Debug|x64 = Debug|x64
		Debug|x86 = Debug|x86
		Release|Any CPU = Release|Any CPU
		Release|x64 = Release|x64
		Release|x86 = Release|x86
	EndGlobalSection
	GlobalSection(SolutionProperties) = preSolution
		HideSolutionNode = FALSE
	EndGlobalSection
	GlobalSection(ProjectConfigurationPlatforms) = postSolution
		{4F5EA124-C1C2-4B69-8BFF-2B7A9F53B0C2}.Debug|Any CPU.ActiveCfg = Debug|Any CPU
		{4F5EA124-C1C2-4B69-8BFF-2B7A9F53B0C2}.Debug|Any CPU.Build.0 = Debug|Any CPU
		{4F5EA124-C1C2-4B69-8BFF-2B7A9F53B0C2}.Debug|x64.ActiveCfg = Debug|x64
		{4F5EA124-C1C2-4B69-8BFF-2B7A9F53B0C2}.Debug|x64.Build.0 = Debug|x64
		{4F5EA124-C1C2-4B69-8BFF-2B7A9F53B0C2}.Debug|x86.ActiveCfg = Debug|x86
		{4F5EA124-C1C2-4B69-8BFF-2B7A9F53B0C2}.Debug|x86.Build.0 = Debug|x86
		{4F5EA124-C1C2-4B69-8BFF-2B7A9F53B0C2}.Release|Any CPU.ActiveCfg = Release|Any CPU
		{4F5EA124-C1C2-4B69-8BFF-2B7A9F53B0C2}.Release|Any CPU.Build.0 = Release|Any CPU
		{4F5EA124-C1C2-4B69-8BFF-2B7A9F53B0C2}.Release|x64.ActiveCfg = Release|x64
		{4F5EA124-C1C2-4B69-8BFF-2B7A9F53B0C2}.Release|x64.Build.0 = Release|x64
		{4F5EA124-C1C2-4B69-8BFF-2B7A9F53B0C2}.Release|x86.ActiveCfg = Release|x86
		{4F5EA124-C1C2-4B69-8BFF-2B7A9F53B0C2}.Release|x86.Build.0 = Release|x86
		{CA1C1558-D261-48BC-AF9C-20EB90DDD1B4}.Debug|Any CPU.ActiveCfg = Debug|Any CPU
		{CA1C1558-D261-48BC-AF9C-20EB90DDD1B4}.Debug|Any CPU.Build.0 = Debug|Any CPU
		{CA1C1558-D261-48BC-AF9C-20EB90DDD1B4}.Debug|x64.ActiveCfg = Debug|x64
		{CA1C1558-D261-48BC-AF9C-20EB90DDD1B4}.Debug|x64.Build.0 = Debug|x64
		{CA1C1558-D261-48BC-AF9C-20EB90DDD1B4}.Debug|x86.ActiveCfg = Debug|x86
		{CA1C1558-D261-48BC-AF9C-20EB90DDD1B4}.Debug|x86.Build.0 = Debug|x86
		{CA1C1558-D261-48BC-AF9C-20EB90DDD1B4}.Release|Any CPU.ActiveCfg = Release|Any CPU
		{CA1C1558-D261-48BC-AF9C-20EB90DDD1B4}.Release|Any CPU.Build.0 = Release|Any CPU
		{CA1C1558-D261-48BC-AF9C-20EB90DDD1B4}.Release|x64.ActiveCfg = Release|x64
		{CA1C1558-D261-48BC-AF9C-20EB90DDD1B4}.Release|x64.Build.0 = Release|x64
		{CA1C1558-D261-48BC-AF9C-20EB90DDD1B4}.Release|x86.ActiveCfg = Release|x86
		{CA1C1558-D261-48BC-AF9C-20EB90DDD1B4}.Release|x86.Build.0 = Release|x86
	EndGlobalSection
	GlobalSection(NestedProjects) = preSolution
		{4F5EA124-C1C2-4B69-8BFF-2B7A9F53B0C2} = {DF4B61E5-AD90-4AF1-8506-D5BD03F3BCE6}
		{CA1C1558-D261-48BC-AF9C-20EB90DDD1B4} = {DE1578D3-A826-42A6-8C10-8815ECC57E47}
	EndGlobalSection
EndGlobal
